
Microsoft Visual Studio Solution File, Format Version 12.00
Project("{FAE04EC0-301F-11D3-BF4B-00C04F79EFBC}") = "WebUI", "WebUI\WebUI.csproj", "{E2AF3A3F-1D5A-4FD0-AE26-0FF5FBB34AD1}"
EndProject
Project("{2150E333-8FDC-42A3-9474-1A3956D46DE8}") = "src", "src", "{9B43051F-7A8A-4F10-9818-6B7314E92180}"
EndProject
Project("{2150E333-8FDC-42A3-9474-1A3956D46DE8}") = "tests", "tests", "{E1211361-8A2B-48FB-A93C-6D4B362F876E}"
EndProject
Project("{FAE04EC0-301F-11D3-BF4B-00C04F79EFBC}") = "Infrastructure", "Infrastructure\Infrastructure.csproj", "{3B226DBF-E03A-4065-8ABB-9D1EF976E9C2}"
EndProject
Project("{FAE04EC0-301F-11D3-BF4B-00C04F79EFBC}") = "Domain", "Domain\Domain.csproj", "{0BB1FCCA-2113-427B-B3D5-50DF8058DE12}"
EndProject
Project("{FAE04EC0-301F-11D3-BF4B-00C04F79EFBC}") = "Application", "Application\Application.csproj", "{7F61374B-8FD6-492F-B954-7989A392FE40}"
EndProject
Global
	GlobalSection(SolutionConfigurationPlatforms) = preSolution
		Debug|Any CPU = Debug|Any CPU
		Release|Any CPU = Release|Any CPU
	EndGlobalSection
	GlobalSection(ProjectConfigurationPlatforms) = postSolution
		{E2AF3A3F-1D5A-4FD0-AE26-0FF5FBB34AD1}.Debug|Any CPU.ActiveCfg = Debug|Any CPU
		{E2AF3A3F-1D5A-4FD0-AE26-0FF5FBB34AD1}.Debug|Any CPU.Build.0 = Debug|Any CPU
		{E2AF3A3F-1D5A-4FD0-AE26-0FF5FBB34AD1}.Release|Any CPU.ActiveCfg = Release|Any CPU
		{E2AF3A3F-1D5A-4FD0-AE26-0FF5FBB34AD1}.Release|Any CPU.Build.0 = Release|Any CPU
		{3B226DBF-E03A-4065-8ABB-9D1EF976E9C2}.Debug|Any CPU.ActiveCfg = Debug|Any CPU
		{3B226DBF-E03A-4065-8ABB-9D1EF976E9C2}.Debug|Any CPU.Build.0 = Debug|Any CPU
		{3B226DBF-E03A-4065-8ABB-9D1EF976E9C2}.Release|Any CPU.ActiveCfg = Release|Any CPU
		{3B226DBF-E03A-4065-8ABB-9D1EF976E9C2}.Release|Any CPU.Build.0 = Release|Any CPU
		{0BB1FCCA-2113-427B-B3D5-50DF8058DE12}.Debug|Any CPU.ActiveCfg = Debug|Any CPU
		{0BB1FCCA-2113-427B-B3D5-50DF8058DE12}.Debug|Any CPU.Build.0 = Debug|Any CPU
		{0BB1FCCA-2113-427B-B3D5-50DF8058DE12}.Release|Any CPU.ActiveCfg = Release|Any CPU
		{0BB1FCCA-2113-427B-B3D5-50DF8058DE12}.Release|Any CPU.Build.0 = Release|Any CPU
		{7F61374B-8FD6-492F-B954-7989A392FE40}.Debug|Any CPU.ActiveCfg = Debug|Any CPU
		{7F61374B-8FD6-492F-B954-7989A392FE40}.Debug|Any CPU.Build.0 = Debug|Any CPU
		{7F61374B-8FD6-492F-B954-7989A392FE40}.Release|Any CPU.ActiveCfg = Release|Any CPU
		{7F61374B-8FD6-492F-B954-7989A392FE40}.Release|Any CPU.Build.0 = Release|Any CPU
	EndGlobalSection
	GlobalSection(NestedProjects) = preSolution
		{3B226DBF-E03A-4065-8ABB-9D1EF976E9C2} = {9B43051F-7A8A-4F10-9818-6B7314E92180}
		{0BB1FCCA-2113-427B-B3D5-50DF8058DE12} = {9B43051F-7A8A-4F10-9818-6B7314E92180}
		{7F61374B-8FD6-492F-B954-7989A392FE40} = {9B43051F-7A8A-4F10-9818-6B7314E92180}
		{E2AF3A3F-1D5A-4FD0-AE26-0FF5FBB34AD1} = {9B43051F-7A8A-4F10-9818-6B7314E92180}
	EndGlobalSection
EndGlobal
